// !$*UTF8*$!
{
	archiveVersion = 1;
	classes = {
	};
	objectVersion = 55;
	objects = {

/* Begin PBXBuildFile section */
		149E592028DFB9C300AEC236 /* Label.swift in Sources */ = {isa = PBXBuildFile; fileRef = 149E591F28DFB9C300AEC236 /* Label.swift */; };
		14ED190B28C7F533001CD3C0 /* OrientationEnum.swift in Sources */ = {isa = PBXBuildFile; fileRef = 14ED190A28C7F533001CD3C0 /* OrientationEnum.swift */; };
		14FDD06528C6A061000D4E8F /* AppDelegate.swift in Sources */ = {isa = PBXBuildFile; fileRef = 14FDD06428C6A061000D4E8F /* AppDelegate.swift */; };
		14FDD06728C6A061000D4E8F /* SceneDelegate.swift in Sources */ = {isa = PBXBuildFile; fileRef = 14FDD06628C6A061000D4E8F /* SceneDelegate.swift */; };
		14FDD06928C6A061000D4E8F /* View.swift in Sources */ = {isa = PBXBuildFile; fileRef = 14FDD06828C6A061000D4E8F /* View.swift */; };
		14FDD06E28C6A063000D4E8F /* Assets.xcassets in Resources */ = {isa = PBXBuildFile; fileRef = 14FDD06D28C6A063000D4E8F /* Assets.xcassets */; };
		14FDD07128C6A063000D4E8F /* LaunchScreen.storyboard in Resources */ = {isa = PBXBuildFile; fileRef = 14FDD06F28C6A063000D4E8F /* LaunchScreen.storyboard */; };
		14FDD07B28C6A295000D4E8F /* AssetsStructs.swift in Sources */ = {isa = PBXBuildFile; fileRef = 14FDD07A28C6A295000D4E8F /* AssetsStructs.swift */; };
		14FDD07D28C6A50E000D4E8F /* ViewModel.swift in Sources */ = {isa = PBXBuildFile; fileRef = 14FDD07C28C6A50E000D4E8F /* ViewModel.swift */; };
		14FDD07F28C6A552000D4E8F /* UIViewExtension.swift in Sources */ = {isa = PBXBuildFile; fileRef = 14FDD07E28C6A552000D4E8F /* UIViewExtension.swift */; };
		14FDD08128C6A86B000D4E8F /* SessionManager.swift in Sources */ = {isa = PBXBuildFile; fileRef = 14FDD08028C6A86B000D4E8F /* SessionManager.swift */; };
		14FDD08428C6A8B2000D4E8F /* APIModel.swift in Sources */ = {isa = PBXBuildFile; fileRef = 14FDD08328C6A8B2000D4E8F /* APIModel.swift */; };
		14FDD08628C6AE78000D4E8F /* UITextFieldExtension.swift in Sources */ = {isa = PBXBuildFile; fileRef = 14FDD08528C6AE78000D4E8F /* UITextFieldExtension.swift */; };
		14FDD08828C6C377000D4E8F /* UIStackViewExtension.swift in Sources */ = {isa = PBXBuildFile; fileRef = 14FDD08728C6C377000D4E8F /* UIStackViewExtension.swift */; };
/* End PBXBuildFile section */

/* Begin PBXFileReference section */
		149E591F28DFB9C300AEC236 /* Label.swift */ = {isa = PBXFileReference; lastKnownFileType = sourcecode.swift; path = Label.swift; sourceTree = "<group>"; };
		14ED190A28C7F533001CD3C0 /* OrientationEnum.swift */ = {isa = PBXFileReference; lastKnownFileType = sourcecode.swift; path = OrientationEnum.swift; sourceTree = "<group>"; };
		14FDD06128C6A061000D4E8F /* hangman.app */ = {isa = PBXFileReference; explicitFileType = wrapper.application; includeInIndex = 0; path = hangman.app; sourceTree = BUILT_PRODUCTS_DIR; };
		14FDD06428C6A061000D4E8F /* AppDelegate.swift */ = {isa = PBXFileReference; lastKnownFileType = sourcecode.swift; path = AppDelegate.swift; sourceTree = "<group>"; };
		14FDD06628C6A061000D4E8F /* SceneDelegate.swift */ = {isa = PBXFileReference; lastKnownFileType = sourcecode.swift; path = SceneDelegate.swift; sourceTree = "<group>"; };
		14FDD06828C6A061000D4E8F /* View.swift */ = {isa = PBXFileReference; lastKnownFileType = sourcecode.swift; path = View.swift; sourceTree = "<group>"; };
		14FDD06D28C6A063000D4E8F /* Assets.xcassets */ = {isa = PBXFileReference; lastKnownFileType = folder.assetcatalog; path = Assets.xcassets; sourceTree = "<group>"; };
		14FDD07028C6A063000D4E8F /* Base */ = {isa = PBXFileReference; lastKnownFileType = file.storyboard; name = Base; path = Base.lproj/LaunchScreen.storyboard; sourceTree = "<group>"; };
		14FDD07228C6A063000D4E8F /* Info.plist */ = {isa = PBXFileReference; lastKnownFileType = text.plist.xml; path = Info.plist; sourceTree = "<group>"; };
		14FDD07A28C6A295000D4E8F /* AssetsStructs.swift */ = {isa = PBXFileReference; lastKnownFileType = sourcecode.swift; path = AssetsStructs.swift; sourceTree = "<group>"; };
		14FDD07C28C6A50E000D4E8F /* ViewModel.swift */ = {isa = PBXFileReference; lastKnownFileType = sourcecode.swift; path = ViewModel.swift; sourceTree = "<group>"; };
		14FDD07E28C6A552000D4E8F /* UIViewExtension.swift */ = {isa = PBXFileReference; lastKnownFileType = sourcecode.swift; path = UIViewExtension.swift; sourceTree = "<group>"; };
		14FDD08028C6A86B000D4E8F /* SessionManager.swift */ = {isa = PBXFileReference; lastKnownFileType = sourcecode.swift; path = SessionManager.swift; sourceTree = "<group>"; };
		14FDD08328C6A8B2000D4E8F /* APIModel.swift */ = {isa = PBXFileReference; lastKnownFileType = sourcecode.swift; path = APIModel.swift; sourceTree = "<group>"; };
		14FDD08528C6AE78000D4E8F /* UITextFieldExtension.swift */ = {isa = PBXFileReference; lastKnownFileType = sourcecode.swift; path = UITextFieldExtension.swift; sourceTree = "<group>"; };
		14FDD08728C6C377000D4E8F /* UIStackViewExtension.swift */ = {isa = PBXFileReference; lastKnownFileType = sourcecode.swift; path = UIStackViewExtension.swift; sourceTree = "<group>"; };
/* End PBXFileReference section */

/* Begin PBXFrameworksBuildPhase section */
		14FDD05E28C6A061000D4E8F /* Frameworks */ = {
			isa = PBXFrameworksBuildPhase;
			buildActionMask = 2147483647;
			files = (
			);
			runOnlyForDeploymentPostprocessing = 0;
		};
/* End PBXFrameworksBuildPhase section */

/* Begin PBXGroup section */
		14FDD05828C6A061000D4E8F = {
			isa = PBXGroup;
			children = (
				14FDD06328C6A061000D4E8F /* hangman */,
				14FDD06228C6A061000D4E8F /* Products */,
			);
			sourceTree = "<group>";
		};
		14FDD06228C6A061000D4E8F /* Products */ = {
			isa = PBXGroup;
			children = (
				14FDD06128C6A061000D4E8F /* hangman.app */,
			);
			name = Products;
			sourceTree = "<group>";
		};
		14FDD06328C6A061000D4E8F /* hangman */ = {
			isa = PBXGroup;
			children = (
				14FDD08228C6A885000D4E8F /* APIUtils */,
				14FDD07928C6A113000D4E8F /* AppUtils */,
				14FDD07828C6A109000D4E8F /* AppDelegate */,
				14FDD07C28C6A50E000D4E8F /* ViewModel.swift */,
				14FDD06828C6A061000D4E8F /* View.swift */,
				14FDD06F28C6A063000D4E8F /* LaunchScreen.storyboard */,
				14FDD07228C6A063000D4E8F /* Info.plist */,
			);
			path = hangman;
			sourceTree = "<group>";
		};
		14FDD07828C6A109000D4E8F /* AppDelegate */ = {
			isa = PBXGroup;
			children = (
				14FDD06428C6A061000D4E8F /* AppDelegate.swift */,
				14FDD06628C6A061000D4E8F /* SceneDelegate.swift */,
			);
			path = AppDelegate;
			sourceTree = "<group>";
		};
		14FDD07928C6A113000D4E8F /* AppUtils */ = {
			isa = PBXGroup;
			children = (
				14FDD06D28C6A063000D4E8F /* Assets.xcassets */,
				14FDD07A28C6A295000D4E8F /* AssetsStructs.swift */,
				14ED190A28C7F533001CD3C0 /* OrientationEnum.swift */,
				14FDD07E28C6A552000D4E8F /* UIViewExtension.swift */,
				14FDD08728C6C377000D4E8F /* UIStackViewExtension.swift */,
				14FDD08528C6AE78000D4E8F /* UITextFieldExtension.swift */,
				149E591F28DFB9C300AEC236 /* Label.swift */,
			);
			path = AppUtils;
			sourceTree = "<group>";
		};
		14FDD08228C6A885000D4E8F /* APIUtils */ = {
			isa = PBXGroup;
			children = (
				14FDD08028C6A86B000D4E8F /* SessionManager.swift */,
				14FDD08328C6A8B2000D4E8F /* APIModel.swift */,
			);
			path = APIUtils;
			sourceTree = "<group>";
		};
/* End PBXGroup section */

/* Begin PBXNativeTarget section */
		14FDD06028C6A061000D4E8F /* hangman */ = {
			isa = PBXNativeTarget;
			buildConfigurationList = 14FDD07528C6A063000D4E8F /* Build configuration list for PBXNativeTarget "hangman" */;
			buildPhases = (
				14FDD05D28C6A061000D4E8F /* Sources */,
				14FDD05E28C6A061000D4E8F /* Frameworks */,
				14FDD05F28C6A061000D4E8F /* Resources */,
			);
			buildRules = (
			);
			dependencies = (
			);
			name = hangman;
			productName = hangman;
			productReference = 14FDD06128C6A061000D4E8F /* hangman.app */;
			productType = "com.apple.product-type.application";
		};
/* End PBXNativeTarget section */

/* Begin PBXProject section */
		14FDD05928C6A061000D4E8F /* Project object */ = {
			isa = PBXProject;
			attributes = {
				BuildIndependentTargetsInParallel = 1;
				LastSwiftUpdateCheck = 1340;
				LastUpgradeCheck = 1340;
				TargetAttributes = {
					14FDD06028C6A061000D4E8F = {
						CreatedOnToolsVersion = 13.4.1;
					};
				};
			};
			buildConfigurationList = 14FDD05C28C6A061000D4E8F /* Build configuration list for PBXProject "hangman" */;
			compatibilityVersion = "Xcode 13.0";
			developmentRegion = en;
			hasScannedForEncodings = 0;
			knownRegions = (
				en,
				Base,
			);
			mainGroup = 14FDD05828C6A061000D4E8F;
			productRefGroup = 14FDD06228C6A061000D4E8F /* Products */;
			projectDirPath = "";
			projectRoot = "";
			targets = (
				14FDD06028C6A061000D4E8F /* hangman */,
			);
		};
/* End PBXProject section */

/* Begin PBXResourcesBuildPhase section */
		14FDD05F28C6A061000D4E8F /* Resources */ = {
			isa = PBXResourcesBuildPhase;
			buildActionMask = 2147483647;
			files = (
				14FDD07128C6A063000D4E8F /* LaunchScreen.storyboard in Resources */,
				14FDD06E28C6A063000D4E8F /* Assets.xcassets in Resources */,
			);
			runOnlyForDeploymentPostprocessing = 0;
		};
/* End PBXResourcesBuildPhase section */

/* Begin PBXSourcesBuildPhase section */
		14FDD05D28C6A061000D4E8F /* Sources */ = {
			isa = PBXSourcesBuildPhase;
			buildActionMask = 2147483647;
			files = (
				14FDD07F28C6A552000D4E8F /* UIViewExtension.swift in Sources */,
				14FDD08828C6C377000D4E8F /* UIStackViewExtension.swift in Sources */,
				14FDD07D28C6A50E000D4E8F /* ViewModel.swift in Sources */,
				14FDD06928C6A061000D4E8F /* View.swift in Sources */,
				14FDD06528C6A061000D4E8F /* AppDelegate.swift in Sources */,
				14ED190B28C7F533001CD3C0 /* OrientationEnum.swift in Sources */,
				14FDD08428C6A8B2000D4E8F /* APIModel.swift in Sources */,
				149E592028DFB9C300AEC236 /* Label.swift in Sources */,
				14FDD06728C6A061000D4E8F /* SceneDelegate.swift in Sources */,
				14FDD07B28C6A295000D4E8F /* AssetsStructs.swift in Sources */,
				14FDD08628C6AE78000D4E8F /* UITextFieldExtension.swift in Sources */,
				14FDD08128C6A86B000D4E8F /* SessionManager.swift in Sources */,
			);
			runOnlyForDeploymentPostprocessing = 0;
		};
/* End PBXSourcesBuildPhase section */

/* Begin PBXVariantGroup section */
		14FDD06F28C6A063000D4E8F /* LaunchScreen.storyboard */ = {
			isa = PBXVariantGroup;
			children = (
				14FDD07028C6A063000D4E8F /* Base */,
			);
			name = LaunchScreen.storyboard;
			sourceTree = "<group>";
		};
/* End PBXVariantGroup section */

/* Begin XCBuildConfiguration section */
		14FDD07328C6A063000D4E8F /* Debug */ = {
			isa = XCBuildConfiguration;
			buildSettings = {
				ALWAYS_SEARCH_USER_PATHS = NO;
				CLANG_ANALYZER_NONNULL = YES;
				CLANG_ANALYZER_NUMBER_OBJECT_CONVERSION = YES_AGGRESSIVE;
				CLANG_CXX_LANGUAGE_STANDARD = "gnu++17";
				CLANG_ENABLE_MODULES = YES;
				CLANG_ENABLE_OBJC_ARC = YES;
				CLANG_ENABLE_OBJC_WEAK = YES;
				CLANG_WARN_BLOCK_CAPTURE_AUTORELEASING = YES;
				CLANG_WARN_BOOL_CONVERSION = YES;
				CLANG_WARN_COMMA = YES;
				CLANG_WARN_CONSTANT_CONVERSION = YES;
				CLANG_WARN_DEPRECATED_OBJC_IMPLEMENTATIONS = YES;
				CLANG_WARN_DIRECT_OBJC_ISA_USAGE = YES_ERROR;
				CLANG_WARN_DOCUMENTATION_COMMENTS = YES;
				CLANG_WARN_EMPTY_BODY = YES;
				CLANG_WARN_ENUM_CONVERSION = YES;
				CLANG_WARN_INFINITE_RECURSION = YES;
				CLANG_WARN_INT_CONVERSION = YES;
				CLANG_WARN_NON_LITERAL_NULL_CONVERSION = YES;
				CLANG_WARN_OBJC_IMPLICIT_RETAIN_SELF = YES;
				CLANG_WARN_OBJC_LITERAL_CONVERSION = YES;
				CLANG_WARN_OBJC_ROOT_CLASS = YES_ERROR;
				CLANG_WARN_QUOTED_INCLUDE_IN_FRAMEWORK_HEADER = YES;
				CLANG_WARN_RANGE_LOOP_ANALYSIS = YES;
				CLANG_WARN_STRICT_PROTOTYPES = YES;
				CLANG_WARN_SUSPICIOUS_MOVE = YES;
				CLANG_WARN_UNGUARDED_AVAILABILITY = YES_AGGRESSIVE;
				CLANG_WARN_UNREACHABLE_CODE = YES;
				CLANG_WARN__DUPLICATE_METHOD_MATCH = YES;
				COPY_PHASE_STRIP = NO;
				DEBUG_INFORMATION_FORMAT = dwarf;
				ENABLE_STRICT_OBJC_MSGSEND = YES;
				ENABLE_TESTABILITY = YES;
				GCC_C_LANGUAGE_STANDARD = gnu11;
				GCC_DYNAMIC_NO_PIC = NO;
				GCC_NO_COMMON_BLOCKS = YES;
				GCC_OPTIMIZATION_LEVEL = 0;
				GCC_PREPROCESSOR_DEFINITIONS = (
					"DEBUG=1",
					"$(inherited)",
				);
				GCC_WARN_64_TO_32_BIT_CONVERSION = YES;
				GCC_WARN_ABOUT_RETURN_TYPE = YES_ERROR;
				GCC_WARN_UNDECLARED_SELECTOR = YES;
				GCC_WARN_UNINITIALIZED_AUTOS = YES_AGGRESSIVE;
				GCC_WARN_UNUSED_FUNCTION = YES;
				GCC_WARN_UNUSED_VARIABLE = YES;
				IPHONEOS_DEPLOYMENT_TARGET = 15.5;
				MTL_ENABLE_DEBUG_INFO = INCLUDE_SOURCE;
				MTL_FAST_MATH = YES;
				ONLY_ACTIVE_ARCH = YES;
				SDKROOT = iphoneos;
				SWIFT_ACTIVE_COMPILATION_CONDITIONS = DEBUG;
				SWIFT_OPTIMIZATION_LEVEL = "-Onone";
			};
			name = Debug;
		};
		14FDD07428C6A063000D4E8F /* Release */ = {
			isa = XCBuildConfiguration;
			buildSettings = {
				ALWAYS_SEARCH_USER_PATHS = NO;
				CLANG_ANALYZER_NONNULL = YES;
				CLANG_ANALYZER_NUMBER_OBJECT_CONVERSION = YES_AGGRESSIVE;
				CLANG_CXX_LANGUAGE_STANDARD = "gnu++17";
				CLANG_ENABLE_MODULES = YES;
				CLANG_ENABLE_OBJC_ARC = YES;
				CLANG_ENABLE_OBJC_WEAK = YES;
				CLANG_WARN_BLOCK_CAPTURE_AUTORELEASING = YES;
				CLANG_WARN_BOOL_CONVERSION = YES;
				CLANG_WARN_COMMA = YES;
				CLANG_WARN_CONSTANT_CONVERSION = YES;
				CLANG_WARN_DEPRECATED_OBJC_IMPLEMENTATIONS = YES;
				CLANG_WARN_DIRECT_OBJC_ISA_USAGE = YES_ERROR;
				CLANG_WARN_DOCUMENTATION_COMMENTS = YES;
				CLANG_WARN_EMPTY_BODY = YES;
				CLANG_WARN_ENUM_CONVERSION = YES;
				CLANG_WARN_INFINITE_RECURSION = YES;
				CLANG_WARN_INT_CONVERSION = YES;
				CLANG_WARN_NON_LITERAL_NULL_CONVERSION = YES;
				CLANG_WARN_OBJC_IMPLICIT_RETAIN_SELF = YES;
				CLANG_WARN_OBJC_LITERAL_CONVERSION = YES;
				CLANG_WARN_OBJC_ROOT_CLASS = YES_ERROR;
				CLANG_WARN_QUOTED_INCLUDE_IN_FRAMEWORK_HEADER = YES;
				CLANG_WARN_RANGE_LOOP_ANALYSIS = YES;
				CLANG_WARN_STRICT_PROTOTYPES = YES;
				CLANG_WARN_SUSPICIOUS_MOVE = YES;
				CLANG_WARN_UNGUARDED_AVAILABILITY = YES_AGGRESSIVE;
				CLANG_WARN_UNREACHABLE_CODE = YES;
				CLANG_WARN__DUPLICATE_METHOD_MATCH = YES;
				COPY_PHASE_STRIP = NO;
				DEBUG_INFORMATION_FORMAT = "dwarf-with-dsym";
				ENABLE_NS_ASSERTIONS = NO;
				ENABLE_STRICT_OBJC_MSGSEND = YES;
				GCC_C_LANGUAGE_STANDARD = gnu11;
				GCC_NO_COMMON_BLOCKS = YES;
				GCC_WARN_64_TO_32_BIT_CONVERSION = YES;
				GCC_WARN_ABOUT_RETURN_TYPE = YES_ERROR;
				GCC_WARN_UNDECLARED_SELECTOR = YES;
				GCC_WARN_UNINITIALIZED_AUTOS = YES_AGGRESSIVE;
				GCC_WARN_UNUSED_FUNCTION = YES;
				GCC_WARN_UNUSED_VARIABLE = YES;
				IPHONEOS_DEPLOYMENT_TARGET = 15.5;
				MTL_ENABLE_DEBUG_INFO = NO;
				MTL_FAST_MATH = YES;
				SDKROOT = iphoneos;
				SWIFT_COMPILATION_MODE = wholemodule;
				SWIFT_OPTIMIZATION_LEVEL = "-O";
				VALIDATE_PRODUCT = YES;
			};
			name = Release;
		};
		14FDD07628C6A063000D4E8F /* Debug */ = {
			isa = XCBuildConfiguration;
			buildSettings = {
				ASSETCATALOG_COMPILER_APPICON_NAME = AppIcon;
				ASSETCATALOG_COMPILER_GLOBAL_ACCENT_COLOR_NAME = AccentColor;
				CODE_SIGN_STYLE = Automatic;
				CURRENT_PROJECT_VERSION = 1;
				GENERATE_INFOPLIST_FILE = YES;
				INFOPLIST_FILE = hangman/Info.plist;
				INFOPLIST_KEY_UIApplicationSupportsIndirectInputEvents = YES;
				INFOPLIST_KEY_UILaunchStoryboardName = LaunchScreen;
				INFOPLIST_KEY_UISupportedInterfaceOrientations_iPad = "UIInterfaceOrientationPortrait UIInterfaceOrientationPortraitUpsideDown UIInterfaceOrientationLandscapeLeft UIInterfaceOrientationLandscapeRight";
				INFOPLIST_KEY_UISupportedInterfaceOrientations_iPhone = "UIInterfaceOrientationPortrait UIInterfaceOrientationLandscapeLeft UIInterfaceOrientationLandscapeRight";
				LD_RUNPATH_SEARCH_PATHS = (
					"$(inherited)",
					"@executable_path/Frameworks",
				);
				MARKETING_VERSION = 1.0;
				PRODUCT_BUNDLE_IDENTIFIER = "-Sys.hangman";
				PRODUCT_NAME = "$(TARGET_NAME)";
				SWIFT_EMIT_LOC_STRINGS = YES;
				SWIFT_VERSION = 5.0;
				TARGETED_DEVICE_FAMILY = "1,2";
			};
			name = Debug;
		};
		14FDD07728C6A063000D4E8F /* Release */ = {
			isa = XCBuildConfiguration;
			buildSettings = {
				ASSETCATALOG_COMPILER_APPICON_NAME = AppIcon;
				ASSETCATALOG_COMPILER_GLOBAL_ACCENT_COLOR_NAME = AccentColor;
				CODE_SIGN_STYLE = Automatic;
				CURRENT_PROJECT_VERSION = 1;
				GENERATE_INFOPLIST_FILE = YES;
				INFOPLIST_FILE = hangman/Info.plist;
				INFOPLIST_KEY_UIApplicationSupportsIndirectInputEvents = YES;
				INFOPLIST_KEY_UILaunchStoryboardName = LaunchScreen;
				INFOPLIST_KEY_UISupportedInterfaceOrientations_iPad = "UIInterfaceOrientationPortrait UIInterfaceOrientationPortraitUpsideDown UIInterfaceOrientationLandscapeLeft UIInterfaceOrientationLandscapeRight";
				INFOPLIST_KEY_UISupportedInterfaceOrientations_iPhone = "UIInterfaceOrientationPortrait UIInterfaceOrientationLandscapeLeft UIInterfaceOrientationLandscapeRight";
				LD_RUNPATH_SEARCH_PATHS = (
					"$(inherited)",
					"@executable_path/Frameworks",
				);
				MARKETING_VERSION = 1.0;
				PRODUCT_BUNDLE_IDENTIFIER = "-Sys.hangman";
				PRODUCT_NAME = "$(TARGET_NAME)";
				SWIFT_EMIT_LOC_STRINGS = YES;
				SWIFT_VERSION = 5.0;
				TARGETED_DEVICE_FAMILY = "1,2";
			};
			name = Release;
		};
/* End XCBuildConfiguration section */

/* Begin XCConfigurationList section */
		14FDD05C28C6A061000D4E8F /* Build configuration list for PBXProject "hangman" */ = {
			isa = XCConfigurationList;
			buildConfigurations = (
				14FDD07328C6A063000D4E8F /* Debug */,
				14FDD07428C6A063000D4E8F /* Release */,
			);
			defaultConfigurationIsVisible = 0;
			defaultConfigurationName = Release;
		};
		14FDD07528C6A063000D4E8F /* Build configuration list for PBXNativeTarget "hangman" */ = {
			isa = XCConfigurationList;
			buildConfigurations = (
				14FDD07628C6A063000D4E8F /* Debug */,
				14FDD07728C6A063000D4E8F /* Release */,
			);
			defaultConfigurationIsVisible = 0;
			defaultConfigurationName = Release;
		};
/* End XCConfigurationList section */
	};
	rootObject = 14FDD05928C6A061000D4E8F /* Project object */;
}
